# This file was autogenerated by Stack.
# You should not edit this file by hand.
# For more information, please see the documentation at:
#   https://docs.haskellstack.org/en/stable/lock_files

packages:
- completed:
    hackage: digestive-functors-heist-0.8.6.2@sha256:a7037c722ea70e1d951971e6035e2a697b2b5017ae555877dfc011da92a316cb,950
    pantry-tree:
      size: 362
      sha256: 1b0fd5edf5510e83bc3b51f9cd582d2d6594be3d3215c87ea1f1cb304c9e08a2
  original:
    hackage: digestive-functors-heist-0.8.6.2
- completed:
    hackage: digestive-functors-snap-0.6.1.3@sha256:8afb484c9568509eddc3a2e7281a7a78af0628eaa70781c3cb6f17b74111c3e0,954
    pantry-tree:
      size: 233
      sha256: 1e578756e4bb7078ffbdf774db16c2ac285ec3f8cabd4ba5006ac8bd3ae0ad98
  original:
    hackage: digestive-functors-snap-0.6.1.3
- completed:
    hackage: hashmap-1.3.3@sha256:831096cd644d1b87f16c1933d19cdf938fe8f3911af7ed68b3e8c0bde4baeba4,2550
    pantry-tree:
      size: 419
      sha256: 82c97bb6ae7d0a2baa050aff9888160fdbe5e68cb25a3da583019f9012ef11aa
  original:
    hackage: hashmap-1.3.3
- completed:
    hackage: snap-1.1.3.1@sha256:ad589f2838a10bde793150e113c147996ba9dc8b522f34d1eb3297493c8d2672,8901
    pantry-tree:
      size: 5743
      sha256: f301fd1bf3e0f249892764e04f5b4db6bc39a05e2323236f0b3f1cdcf1ace053
  original:
    hackage: snap-1.1.3.1
- completed:
    hackage: heist-1.1.0.1@sha256:121288965f6c77b0d06a09c5d8a3b80f9a083830d06857555e99f10868b18dcb,9311
    pantry-tree:
      size: 7354
      sha256: 7144a2b1802790977bfbd30ea14ceca59d42107cf5d5b6f2806191e4d01edba5
  original:
    hackage: heist-1.1.0.1
- completed:
    hackage: map-syntax-0.3@sha256:9b92c51bcaf1d55f60f8aaef9a96adb29acb77112631fa4110fd5dcae54be7a6,2420
    pantry-tree:
      size: 558
      sha256: bed5e77f083feeda1c13daf961d29ca1fbe96b7a87302c416fb1122a99d779cb
  original:
    hackage: map-syntax-0.3
- completed:
    hackage: pwstore-fast-2.4.4@sha256:9b6a37510d8b9f37f409a8ab3babac9181afcaaa3fce8ba1c131a7ed3de30698,1351
    pantry-tree:
      size: 270
      sha256: ff4a44ede62515efe5cd366a5803f7183c811c4a0cf56eea88da94181c4844c0
  original:
    hackage: pwstore-fast-2.4.4
- completed:
    hackage: xmlhtml-0.2.5.2@sha256:3f0990f725551985d777e8edb5563fe99aee998f1fde6a7633f720f76df54701,46997
    pantry-tree:
      size: 61835
      sha256: bb1bd95db3738e18d112bbc9724510ee64a51b7eda61494507f4957c5e2281f6
  original:
    hackage: xmlhtml-0.2.5.2
- completed:
    hackage: regex-posix-clib-2.7@sha256:998fca06da3d719818f0691ef0b8b9b7375afeea228cb08bd9e2db53f96b0cd7,1232
    pantry-tree:
      size: 524
      sha256: 5bf20952472d930323766d250f5fbbe3fe6f2cd3d931e5cf7b62a238ab2099ff
  original:
    hackage: regex-posix-clib-2.7
snapshots:
- completed:
    size: 533252
    url: https://raw.githubusercontent.com/commercialhaskell/stackage-snapshots/master/lts/16/26.yaml
    sha256: cdbc5db9c1afe80a5998247939027a0c7db92fa0f20b5cd01596ec3da628b622
  original: lts-16.26
